{
  "name": "@gombob/balls",
  "version": "1.0.5",
  "lockfileVersion": 2,
  "requires": true,
  "packages": {
    "": {
      "name": "@gombob/balls",
      "version": "1.0.5",
      "license": "MIT",
      "dependencies": {
        "@icxd/nut": "^1.0.4"
      }
    },
    "node_modules/@icxd/nut": {
      "version": "1.0.4",
      "resolved": "https://registry.npmjs.org/@icxd/nut/-/nut-1.0.4.tgz",
      "integrity": "sha512-TID97dnnIJi9wmVchVgWy3n2/dvAz+q2XQGSlbDrbE4NyRmdX89SuiD+6JJSf7rRXDmHBDIHwQDjkI3zLKHx/A=="
    }
  },
  "dependencies": {
    "@icxd/nut": {
      "version": "1.0.4",
      "resolved": "https://registry.npmjs.org/@icxd/nut/-/nut-1.0.4.tgz",
      "integrity": "sha512-TID97dnnIJi9wmVchVgWy3n2/dvAz+q2XQGSlbDrbE4NyRmdX89SuiD+6JJSf7rRXDmHBDIHwQDjkI3zLKHx/A=="
    }
  }
}
